
Microsoft Visual Studio Solution File, Format Version 12.00
# Visual Studio 15
VisualStudioVersion = 15.0.27428.2037
MinimumVisualStudioVersion = 10.0.40219.1
Project("{FAE04EC0-301F-11D3-BF4B-00C04F79EFBC}") = "Diyetisyen", "Diyetisyen\Diyetisyen.csproj", "{1DEFD62C-7702-4EEE-8F84-E3E942C43C9A}"
EndProject
Global
	GlobalSection(SolutionConfigurationPlatforms) = preSolution
		Debug|Any CPU = Debug|Any CPU
		Release|Any CPU = Release|Any CPU
	EndGlobalSection
	GlobalSection(ProjectConfigurationPlatforms) = postSolution
		{1DEFD62C-7702-4EEE-8F84-E3E942C43C9A}.Debug|Any CPU.ActiveCfg = Debug|Any CPU
		{1DEFD62C-7702-4EEE-8F84-E3E942C43C9A}.Debug|Any CPU.Build.0 = Debug|Any CPU
		{1DEFD62C-7702-4EEE-8F84-E3E942C43C9A}.Release|Any CPU.ActiveCfg = Release|Any CPU
		{1DEFD62C-7702-4EEE-8F84-E3E942C43C9A}.Release|Any CPU.Build.0 = Release|Any CPU
	EndGlobalSection
	GlobalSection(SolutionProperties) = preSolution
		HideSolutionNode = FALSE
	EndGlobalSection
	GlobalSection(ExtensibilityGlobals) = postSolution
		SolutionGuid = {116B85D3-AD39-4042-B94E-78C0B42592A5}
	EndGlobalSection
EndGlobal
